
Microsoft Visual Studio Solution File, Format Version 12.00
# Visual Studio Version 16
VisualStudioVersion = 16.0.30011.22
MinimumVisualStudioVersion = 10.0.40219.1
Project("{8BC9CEB8-8B4A-11D0-8D11-00A0C91BC942}") = "KDTree_v2", "KDTree_v2\KDTree_v2.vcxproj", "{EF32B481-F151-4C4C-9C8E-A862A0B1A168}"
EndProject
Global
	GlobalSection(SolutionConfigurationPlatforms) = preSolution
		Debug|x64 = Debug|x64
		Debug|x86 = Debug|x86
		Release|x64 = Release|x64
		Release|x86 = Release|x86
	EndGlobalSection
	GlobalSection(ProjectConfigurationPlatforms) = postSolution
		{EF32B481-F151-4C4C-9C8E-A862A0B1A168}.Debug|x64.ActiveCfg = Debug|x64
		{EF32B481-F151-4C4C-9C8E-A862A0B1A168}.Debug|x64.Build.0 = Debug|x64
		{EF32B481-F151-4C4C-9C8E-A862A0B1A168}.Debug|x86.ActiveCfg = Debug|Win32
		{EF32B481-F151-4C4C-9C8E-A862A0B1A168}.Debug|x86.Build.0 = Debug|Win32
		{EF32B481-F151-4C4C-9C8E-A862A0B1A168}.Release|x64.ActiveCfg = Release|x64
		{EF32B481-F151-4C4C-9C8E-A862A0B1A168}.Release|x64.Build.0 = Release|x64
		{EF32B481-F151-4C4C-9C8E-A862A0B1A168}.Release|x86.ActiveCfg = Release|Win32
		{EF32B481-F151-4C4C-9C8E-A862A0B1A168}.Release|x86.Build.0 = Release|Win32
	EndGlobalSection
	GlobalSection(SolutionProperties) = preSolution
		HideSolutionNode = FALSE
	EndGlobalSection
	GlobalSection(ExtensibilityGlobals) = postSolution
		SolutionGuid = {592B2713-A575-473F-B3AE-22DA7B917B18}
	EndGlobalSection
EndGlobal
